
Microsoft Visual Studio Solution File, Format Version 12.00
# Visual Studio 14
VisualStudioVersion = 14.0.25420.1
MinimumVisualStudioVersion = 10.0.40219.1
Project("{FAE04EC0-301F-11D3-BF4B-00C04F79EFBC}") = "PastebookWebApplication", "PastebookWebApplication\PastebookWebApplication.csproj", "{56D14DF7-440D-4DFA-98A9-B61A1AF99D51}"
EndProject
Project("{FAE04EC0-301F-11D3-BF4B-00C04F79EFBC}") = "PastebookWebApplication.Tests", "PastebookWebApplication.Tests\PastebookWebApplication.Tests.csproj", "{AFDCD0A1-F1DE-4B12-8BCE-1E4BE36C0C9B}"
EndProject
Global
	GlobalSection(SolutionConfigurationPlatforms) = preSolution
		Debug|Any CPU = Debug|Any CPU
		Release|Any CPU = Release|Any CPU
	EndGlobalSection
	GlobalSection(ProjectConfigurationPlatforms) = postSolution
		{56D14DF7-440D-4DFA-98A9-B61A1AF99D51}.Debug|Any CPU.ActiveCfg = Debug|Any CPU
		{56D14DF7-440D-4DFA-98A9-B61A1AF99D51}.Debug|Any CPU.Build.0 = Debug|Any CPU
		{56D14DF7-440D-4DFA-98A9-B61A1AF99D51}.Release|Any CPU.ActiveCfg = Release|Any CPU
		{56D14DF7-440D-4DFA-98A9-B61A1AF99D51}.Release|Any CPU.Build.0 = Release|Any CPU
		{AFDCD0A1-F1DE-4B12-8BCE-1E4BE36C0C9B}.Debug|Any CPU.ActiveCfg = Debug|Any CPU
		{AFDCD0A1-F1DE-4B12-8BCE-1E4BE36C0C9B}.Debug|Any CPU.Build.0 = Debug|Any CPU
		{AFDCD0A1-F1DE-4B12-8BCE-1E4BE36C0C9B}.Release|Any CPU.ActiveCfg = Release|Any CPU
		{AFDCD0A1-F1DE-4B12-8BCE-1E4BE36C0C9B}.Release|Any CPU.Build.0 = Release|Any CPU
	EndGlobalSection
	GlobalSection(SolutionProperties) = preSolution
		HideSolutionNode = FALSE
	EndGlobalSection
EndGlobal
